<?xml version="1.0" encoding="utf-8"?>
<Project ToolsVersion="4.0" xmlns="http://schemas.microsoft.com/developer/msbuild/2003">
  <ItemGroup>
    <Filter Include="源文件">
      <UniqueIdentifier>{4FC737F1-C7A5-4376-A066-2A32D752A2FF}</UniqueIdentifier>
      <Extensions>cpp;c;cc;cxx;def;odl;idl;hpj;bat;asm;asmx</Extensions>
    </Filter>
    <Filter Include="头文件">
      <UniqueIdentifier>{93995380-89BD-4b04-88EB-625FBE52EBFB}</UniqueIdentifier>
      <Extensions>h;hh;hpp;hxx;hm;inl;inc;xsd</Extensions>
    </Filter>
    <Filter Include="资源文件">
      <UniqueIdentifier>{67DA6AB6-F800-4c08-8B7A-83BB121AAD01}</UniqueIdentifier>
      <Extensions>rc;ico;cur;bmp;dlg;rc2;rct;bin;rgs;gif;jpg;jpeg;jpe;resx;tiff;tif;png;wav;mfcribbon-ms</Extensions>
    </Filter>
    <Filter Include="关注文件">
      <UniqueIdentifier>{0351284a-5981-4429-8dba-cafa59b3d174}</UniqueIdentifier>
    </Filter>
  </ItemGroup>
  <ItemGroup>
    <Text Include="ReadMe.txt" />
  </ItemGroup>
  <ItemGroup>
    <ClInclude Include="..\..\code\public\Macro_Proj.h">
      <Filter>头文件</Filter>
    </ClInclude>
    <ClInclude Include="..\..\code\public\TypeDef.h">
      <Filter>头文件</Filter>
    </ClInclude>
    <ClInclude Include="..\..\code\public\debugOut.h">
      <Filter>头文件</Filter>
    </ClInclude>
    <ClInclude Include="..\..\code\public\ManageThread.h">
      <Filter>头文件</Filter>
    </ClInclude>
    <ClInclude Include="..\..\code\public\TransmitData.h">
      <Filter>头文件</Filter>
    </ClInclude>
    <ClInclude Include="..\..\code\AfcCore\ltyapp\alsa\include\alsa\alisp.h">
      <Filter>头文件</Filter>
    </ClInclude>
    <ClInclude Include="..\..\code\AfcCore\ltyapp\alsa\include\alsa\sound\asoc.h">
      <Filter>头文件</Filter>
    </ClInclude>
    <ClInclude Include="..\..\code\AfcCore\ltyapp\alsa\include\alsa\sound\asound_fm.h">
      <Filter>头文件</Filter>
    </ClInclude>
    <ClInclude Include="..\..\code\AfcCore\ltyapp\alsa\include\alsa\asoundef.h">
      <Filter>头文件</Filter>
    </ClInclude>
    <ClInclude Include="..\..\code\AfcCore\ltyapp\alsa\include\alsa\asoundlib.h">
      <Filter>头文件</Filter>
    </ClInclude>
    <ClInclude Include="..\..\code\AfcCore\ltyapp\alsa\include\sys\asoundlib.h">
      <Filter>头文件</Filter>
    </ClInclude>
    <ClInclude Include="..\..\code\AfcCore\ltyapp\alsa\include\alsa\conf.h">
      <Filter>头文件</Filter>
    </ClInclude>
    <ClInclude Include="..\..\code\AfcCore\ltyapp\alsa\include\alsa\control.h">
      <Filter>头文件</Filter>
    </ClInclude>
    <ClInclude Include="..\..\code\AfcCore\ltyapp\alsa\include\alsa\control_external.h">
      <Filter>头文件</Filter>
    </ClInclude>
    <ClInclude Include="..\..\code\AfcCore\ltyapp\alsa\include\alsa\sound\emu10k1.h">
      <Filter>头文件</Filter>
    </ClInclude>
    <ClInclude Include="..\..\code\AfcCore\ltyapp\alsa\include\alsa\error.h">
      <Filter>头文件</Filter>
    </ClInclude>
    <ClInclude Include="..\..\code\AfcCore\ltyapp\alsa\include\alsa\global.h">
      <Filter>头文件</Filter>
    </ClInclude>
    <ClInclude Include="..\..\code\AfcCore\ltyapp\alsa\include\alsa\sound\hdsp.h">
      <Filter>头文件</Filter>
    </ClInclude>
    <ClInclude Include="..\..\code\AfcCore\ltyapp\alsa\include\alsa\sound\hdspm.h">
      <Filter>头文件</Filter>
    </ClInclude>
    <ClInclude Include="..\..\code\AfcCore\ltyapp\alsa\include\alsa\hwdep.h">
      <Filter>头文件</Filter>
    </ClInclude>
    <ClInclude Include="..\..\code\AfcCore\ltyapp\alsa\include\alsa\input.h">
      <Filter>头文件</Filter>
    </ClInclude>
    <ClInclude Include="..\..\code\AfcCore\ltyapp\alsa\include\alsa\mixer.h">
      <Filter>头文件</Filter>
    </ClInclude>
    <ClInclude Include="..\..\code\AfcCore\ltyapp\alsa\include\alsa\mixer_abst.h">
      <Filter>头文件</Filter>
    </ClInclude>
    <ClInclude Include="..\..\code\AfcCore\ltyapp\alsa\include\alsa\output.h">
      <Filter>头文件</Filter>
    </ClInclude>
    <ClInclude Include="..\..\code\AfcCore\ltyapp\alsa\include\alsa\pcm.h">
      <Filter>头文件</Filter>
    </ClInclude>
    <ClInclude Include="..\..\code\AfcCore\ltyapp\alsa\include\alsa\pcm_external.h">
      <Filter>头文件</Filter>
    </ClInclude>
    <ClInclude Include="..\..\code\AfcCore\ltyapp\alsa\include\alsa\pcm_extplug.h">
      <Filter>头文件</Filter>
    </ClInclude>
    <ClInclude Include="..\..\code\AfcCore\ltyapp\alsa\include\alsa\pcm_ioplug.h">
      <Filter>头文件</Filter>
    </ClInclude>
    <ClInclude Include="..\..\code\AfcCore\ltyapp\alsa\include\alsa\pcm_old.h">
      <Filter>头文件</Filter>
    </ClInclude>
    <ClInclude Include="..\..\code\AfcCore\ltyapp\alsa\include\alsa\pcm_plugin.h">
      <Filter>头文件</Filter>
    </ClInclude>
    <ClInclude Include="..\..\code\AfcCore\ltyapp\alsa\include\alsa\pcm_rate.h">
      <Filter>头文件</Filter>
    </ClInclude>
    <ClInclude Include="..\..\code\AfcCore\ltyapp\alsa\include\alsa\rawmidi.h">
      <Filter>头文件</Filter>
    </ClInclude>
    <ClInclude Include="..\..\code\AfcCore\ltyapp\alsa\include\alsa\sound\sb16_csp.h">
      <Filter>头文件</Filter>
    </ClInclude>
    <ClInclude Include="..\..\code\AfcCore\ltyapp\alsa\include\alsa\seq.h">
      <Filter>头文件</Filter>
    </ClInclude>
    <ClInclude Include="..\..\code\AfcCore\ltyapp\alsa\include\alsa\seq_event.h">
      <Filter>头文件</Filter>
    </ClInclude>
    <ClInclude Include="..\..\code\AfcCore\ltyapp\alsa\include\alsa\seq_midi_event.h">
      <Filter>头文件</Filter>
    </ClInclude>
    <ClInclude Include="..\..\code\AfcCore\ltyapp\alsa\include\alsa\seqmid.h">
      <Filter>头文件</Filter>
    </ClInclude>
    <ClInclude Include="..\..\code\AfcCore\ltyapp\alsa\include\alsa\sound\sscape_ioctl.h">
      <Filter>头文件</Filter>
    </ClInclude>
    <ClInclude Include="..\..\code\AfcCore\ltyapp\alsa\include\alsa\timer.h">
      <Filter>头文件</Filter>
    </ClInclude>
    <ClInclude Include="..\..\code\AfcCore\ltyapp\alsa\include\alsa\sound\tlv.h">
      <Filter>头文件</Filter>
    </ClInclude>
    <ClInclude Include="..\..\code\AfcCore\ltyapp\alsa\include\alsa\topology.h">
      <Filter>头文件</Filter>
    </ClInclude>
    <ClInclude Include="..\..\code\AfcCore\ltyapp\alsa\include\alsa\sound\type_compat.h">
      <Filter>头文件</Filter>
    </ClInclude>
    <ClInclude Include="..\..\code\AfcCore\ltyapp\alsa\include\alsa\use-case.h">
      <Filter>头文件</Filter>
    </ClInclude>
    <ClInclude Include="..\..\code\AfcCore\ltyapp\alsa\include\alsa\version.h">
      <Filter>头文件</Filter>
    </ClInclude>
    <ClInclude Include="..\..\code\AfcCore\CPUCard.h">
      <Filter>头文件</Filter>
    </ClInclude>
    <ClInclude Include="..\..\code\AfcCore\DEF8583.h">
      <Filter>头文件</Filter>
    </ClInclude>
    <ClInclude Include="..\..\code\AfcCore\GPRSdatatype.h">
      <Filter>头文件</Filter>
    </ClInclude>
    <ClInclude Include="..\..\code\AfcCore\GprsSocket.h">
      <Filter>头文件</Filter>
    </ClInclude>
    <ClInclude Include="..\..\code\AfcCore\ICCardLib.h">
      <Filter>头文件</Filter>
    </ClInclude>
    <ClInclude Include="..\..\code\AfcCore\libsm.h">
      <Filter>头文件</Filter>
    </ClInclude>
    <ClInclude Include="..\..\code\AfcCore\PSAMLib.h">
      <Filter>头文件</Filter>
    </ClInclude>
    <ClInclude Include="..\..\code\AfcCore\SL8583.h">
      <Filter>头文件</Filter>
    </ClInclude>
    <ClInclude Include="..\..\code\AfcCore\inputmisc\GPIOCtrl.h">
      <Filter>头文件</Filter>
    </ClInclude>
    <ClInclude Include="..\..\code\AfcCore\inputmisc\IcCardCtrlApi.h">
      <Filter>头文件</Filter>
    </ClInclude>
    <ClInclude Include="..\..\code\AfcCore\inputmisc\LightBeep.h">
      <Filter>头文件</Filter>
    </ClInclude>
    <ClInclude Include="..\..\code\AfcCore\inputmisc\PsamCard.h">
      <Filter>头文件</Filter>
    </ClInclude>
    <ClInclude Include="..\..\code\AfcCore\inputmisc\Uart.h">
      <Filter>头文件</Filter>
    </ClInclude>
    <ClInclude Include="..\..\code\AfcCore\inputmisc\WatchDog.h">
      <Filter>头文件</Filter>
    </ClInclude>
    <ClInclude Include="..\..\code\AfcCore\include\apparel.h">
      <Filter>头文件</Filter>
    </ClInclude>
    <ClInclude Include="..\..\code\AfcCore\include\City-handan.h">
      <Filter>头文件</Filter>
    </ClInclude>
    <ClInclude Include="..\..\code\AfcCore\include\CPUCARJTB.h">
      <Filter>头文件</Filter>
    </ClInclude>
    <ClInclude Include="..\..\code\AfcCore\include\Debug_ .h">
      <Filter>头文件</Filter>
    </ClInclude>
    <ClInclude Include="..\..\code\AfcCore\include\debug_.h">
      <Filter>头文件</Filter>
    </ClInclude>
    <ClInclude Include="..\..\code\AfcCore\include\ev.h">
      <Filter>头文件</Filter>
    </ClInclude>
    <ClInclude Include="..\..\code\AfcCore\include\InitSystem.h">
      <Filter>头文件</Filter>
    </ClInclude>
    <ClInclude Include="..\..\code\AfcCore\include\kfifo.h">
      <Filter>头文件</Filter>
    </ClInclude>
    <ClInclude Include="..\..\code\AfcCore\include\LtyCommon.h">
      <Filter>头文件</Filter>
    </ClInclude>
    <ClInclude Include="..\..\code\AfcCore\include\ltycommonfunction.h">
      <Filter>头文件</Filter>
    </ClInclude>
    <ClInclude Include="..\..\code\AfcCore\include\LtyError.h">
      <Filter>头文件</Filter>
    </ClInclude>
    <ClInclude Include="..\..\code\AfcCore\include\LtyLog.h">
      <Filter>头文件</Filter>
    </ClInclude>
    <ClInclude Include="..\..\code\AfcCore\include\LtyMessage.h">
      <Filter>头文件</Filter>
    </ClInclude>
    <ClInclude Include="..\..\code\AfcCore\include\LtyTimer.h">
      <Filter>头文件</Filter>
    </ClInclude>
    <ClInclude Include="..\..\code\AfcCore\include\LtyTypeDef.h">
      <Filter>头文件</Filter>
    </ClInclude>
    <ClInclude Include="..\..\code\AfcCore\include\Main_City.h">
      <Filter>头文件</Filter>
    </ClInclude>
    <ClInclude Include="..\..\code\AfcCore\include\SlzrError.h">
      <Filter>头文件</Filter>
    </ClInclude>
    <ClInclude Include="..\..\code\AfcCore\include\StructDef.h">
      <Filter>头文件</Filter>
    </ClInclude>
    <ClInclude Include="..\..\code\AfcCore\SlDemo\LightColor.h">
      <Filter>头文件</Filter>
    </ClInclude>
    <ClInclude Include="..\..\code\AfcCore\SlDemo\ProcCharacter.h">
      <Filter>头文件</Filter>
    </ClInclude>
    <ClInclude Include="..\..\code\AfcCore\SlDemo\DemoMain.h">
      <Filter>头文件</Filter>
    </ClInclude>
    <ClInclude Include="..\..\code\AfcCore\SlDemo\xSysApi_LanTai.h">
      <Filter>头文件</Filter>
    </ClInclude>
    <ClInclude Include="..\..\code\AfcCore\SlDemo\GPRS.h">
      <Filter>头文件</Filter>
    </ClInclude>
    <ClInclude Include="..\..\code\AfcCore\GPS\gpsd.h">
      <Filter>头文件</Filter>
    </ClInclude>
    <ClInclude Include="..\..\code\AfcCore\Other\LightBeep.h">
      <Filter>头文件</Filter>
    </ClInclude>
    <ClInclude Include="..\..\code\AfcCore\Other\WatchDog.h">
      <Filter>头文件</Filter>
    </ClInclude>
    <ClInclude Include="..\..\code\AfcCore\Other\Uart.h">
      <Filter>头文件</Filter>
    </ClInclude>
    <ClInclude Include="..\..\code\AfcCore\ltyp2\alsa\include\alsa\alisp.h">
      <Filter>头文件</Filter>
    </ClInclude>
    <ClInclude Include="..\..\code\AfcCore\ltyp2\alsa\include\alsa\sound\asoc.h">
      <Filter>头文件</Filter>
    </ClInclude>
    <ClInclude Include="..\..\code\AfcCore\ltyp2\alsa\include\alsa\sound\asound_fm.h">
      <Filter>头文件</Filter>
    </ClInclude>
    <ClInclude Include="..\..\code\AfcCore\ltyp2\alsa\include\alsa\asoundef.h">
      <Filter>头文件</Filter>
    </ClInclude>
    <ClInclude Include="..\..\code\AfcCore\ltyp2\alsa\include\alsa\asoundlib.h">
      <Filter>头文件</Filter>
    </ClInclude>
    <ClInclude Include="..\..\code\AfcCore\ltyp2\alsa\include\sys\asoundlib.h">
      <Filter>头文件</Filter>
    </ClInclude>
    <ClInclude Include="..\..\code\AfcCore\ltyp2\alsa\include\alsa\conf.h">
      <Filter>头文件</Filter>
    </ClInclude>
    <ClInclude Include="..\..\code\AfcCore\ltyp2\alsa\include\alsa\control.h">
      <Filter>头文件</Filter>
    </ClInclude>
    <ClInclude Include="..\..\code\AfcCore\ltyp2\alsa\include\alsa\control_external.h">
      <Filter>头文件</Filter>
    </ClInclude>
    <ClInclude Include="..\..\code\AfcCore\ltyp2\alsa\include\alsa\sound\emu10k1.h">
      <Filter>头文件</Filter>
    </ClInclude>
    <ClInclude Include="..\..\code\AfcCore\ltyp2\alsa\include\alsa\error.h">
      <Filter>头文件</Filter>
    </ClInclude>
    <ClInclude Include="..\..\code\AfcCore\ltyp2\alsa\include\alsa\global.h">
      <Filter>头文件</Filter>
    </ClInclude>
    <ClInclude Include="..\..\code\AfcCore\ltyp2\alsa\include\alsa\sound\hdsp.h">
      <Filter>头文件</Filter>
    </ClInclude>
    <ClInclude Include="..\..\code\AfcCore\ltyp2\alsa\include\alsa\sound\hdspm.h">
      <Filter>头文件</Filter>
    </ClInclude>
    <ClInclude Include="..\..\code\AfcCore\ltyp2\alsa\include\alsa\hwdep.h">
      <Filter>头文件</Filter>
    </ClInclude>
    <ClInclude Include="..\..\code\AfcCore\ltyp2\alsa\include\alsa\input.h">
      <Filter>头文件</Filter>
    </ClInclude>
    <ClInclude Include="..\..\code\AfcCore\ltyp2\alsa\include\alsa\mixer.h">
      <Filter>头文件</Filter>
    </ClInclude>
    <ClInclude Include="..\..\code\AfcCore\ltyp2\alsa\include\alsa\mixer_abst.h">
      <Filter>头文件</Filter>
    </ClInclude>
    <ClInclude Include="..\..\code\AfcCore\ltyp2\alsa\include\alsa\output.h">
      <Filter>头文件</Filter>
    </ClInclude>
    <ClInclude Include="..\..\code\AfcCore\ltyp2\alsa\include\alsa\pcm.h">
      <Filter>头文件</Filter>
    </ClInclude>
    <ClInclude Include="..\..\code\AfcCore\ltyp2\alsa\include\alsa\pcm_external.h">
      <Filter>头文件</Filter>
    </ClInclude>
    <ClInclude Include="..\..\code\AfcCore\ltyp2\alsa\include\alsa\pcm_extplug.h">
      <Filter>头文件</Filter>
    </ClInclude>
    <ClInclude Include="..\..\code\AfcCore\ltyp2\alsa\include\alsa\pcm_ioplug.h">
      <Filter>头文件</Filter>
    </ClInclude>
    <ClInclude Include="..\..\code\AfcCore\ltyp2\alsa\include\alsa\pcm_old.h">
      <Filter>头文件</Filter>
    </ClInclude>
    <ClInclude Include="..\..\code\AfcCore\ltyp2\alsa\include\alsa\pcm_plugin.h">
      <Filter>头文件</Filter>
    </ClInclude>
    <ClInclude Include="..\..\code\AfcCore\ltyp2\alsa\include\alsa\pcm_rate.h">
      <Filter>头文件</Filter>
    </ClInclude>
    <ClInclude Include="..\..\code\AfcCore\ltyp2\alsa\include\alsa\rawmidi.h">
      <Filter>头文件</Filter>
    </ClInclude>
    <ClInclude Include="..\..\code\AfcCore\ltyp2\alsa\include\alsa\sound\sb16_csp.h">
      <Filter>头文件</Filter>
    </ClInclude>
    <ClInclude Include="..\..\code\AfcCore\ltyp2\alsa\include\alsa\seq.h">
      <Filter>头文件</Filter>
    </ClInclude>
    <ClInclude Include="..\..\code\AfcCore\ltyp2\alsa\include\alsa\seq_event.h">
      <Filter>头文件</Filter>
    </ClInclude>
    <ClInclude Include="..\..\code\AfcCore\ltyp2\alsa\include\alsa\seq_midi_event.h">
      <Filter>头文件</Filter>
    </ClInclude>
    <ClInclude Include="..\..\code\AfcCore\ltyp2\alsa\include\alsa\seqmid.h">
      <Filter>头文件</Filter>
    </ClInclude>
    <ClInclude Include="..\..\code\AfcCore\ltyp2\alsa\include\alsa\sound\sscape_ioctl.h">
      <Filter>头文件</Filter>
    </ClInclude>
    <ClInclude Include="..\..\code\AfcCore\ltyp2\alsa\include\alsa\timer.h">
      <Filter>头文件</Filter>
    </ClInclude>
    <ClInclude Include="..\..\code\AfcCore\ltyp2\alsa\include\alsa\sound\tlv.h">
      <Filter>头文件</Filter>
    </ClInclude>
    <ClInclude Include="..\..\code\AfcCore\ltyp2\alsa\include\alsa\topology.h">
      <Filter>头文件</Filter>
    </ClInclude>
    <ClInclude Include="..\..\code\AfcCore\ltyp2\alsa\include\alsa\sound\type_compat.h">
      <Filter>头文件</Filter>
    </ClInclude>
    <ClInclude Include="..\..\code\AfcCore\ltyp2\alsa\include\alsa\use-case.h">
      <Filter>头文件</Filter>
    </ClInclude>
    <ClInclude Include="..\..\code\AfcCore\ltyp2\alsa\include\alsa\version.h">
      <Filter>头文件</Filter>
    </ClInclude>
    <ClInclude Include="..\..\code\AfcCore\Other\LtyTimer.h">
      <Filter>头文件</Filter>
    </ClInclude>
    <ClInclude Include="..\..\code\AfcCore\Other\LtyTypeDef.h">
      <Filter>头文件</Filter>
    </ClInclude>
    <ClInclude Include="..\..\code\AfcCore\xSys_Lantaiyuan.h">
      <Filter>源文件</Filter>
    </ClInclude>
    <ClInclude Include="..\..\code\AfcCore\include\szct.h">
      <Filter>关注文件</Filter>
    </ClInclude>
    <ClInclude Include="..\..\code\AfcCore\include\libHandanCore.h">
      <Filter>关注文件</Filter>
    </ClInclude>
    <ClInclude Include="..\..\code\AfcCore\include\ltycommondatatype.h">
      <Filter>关注文件</Filter>
    </ClInclude>
    <ClInclude Include="..\..\code\AfcCore\Crypto\MD5.h">
      <Filter>头文件</Filter>
    </ClInclude>
    <ClInclude Include="..\..\code\AfcCore\Crypto\MYDES.h">
      <Filter>头文件</Filter>
    </ClInclude>
    <ClInclude Include="..\..\code\AfcCore\UnionPay\add.h">
      <Filter>头文件</Filter>
    </ClInclude>
    <ClInclude Include="..\..\code\AfcCore\UnionPay\add_2.h">
      <Filter>头文件</Filter>
    </ClInclude>
    <ClInclude Include="..\..\code\AfcCore\UnionPay\qPBOC.h">
      <Filter>头文件</Filter>
    </ClInclude>
    <ClInclude Include="..\..\code\AfcCore\UnionPay\qpboc_8583.h">
      <Filter>头文件</Filter>
    </ClInclude>
    <ClInclude Include="..\..\code\AfcCore\UnionPay\qpboc_head.h">
      <Filter>头文件</Filter>
    </ClInclude>
    <ClInclude Include="..\..\code\AfcCore\Fatfiles.h">
      <Filter>头文件</Filter>
    </ClInclude>
    <ClInclude Include="..\..\code\AfcCore\TxnRecord.h">
      <Filter>头文件</Filter>
    </ClInclude>
    <ClInclude Include="..\..\code\AfcCore\UnionPay\SQD.h">
      <Filter>头文件</Filter>
    </ClInclude>
    <ClInclude Include="..\..\code\AfcCore\UnionPay\tms.h">
      <Filter>头文件</Filter>
    </ClInclude>
    <ClInclude Include="..\..\code\AfcCore\include\STProLib.h">
      <Filter>关注文件</Filter>
    </ClInclude>
    <ClInclude Include="..\..\code\AfcCore\citydifferent.h">
      <Filter>关注文件</Filter>
    </ClInclude>
    <ClInclude Include="..\..\code\AfcCore\UiAccess.h">
      <Filter>关注文件</Filter>
    </ClInclude>
    <ClInclude Include="..\..\code\public\debugInfor.h">
      <Filter>源文件</Filter>
    </ClInclude>
    <ClInclude Include="..\..\code\AfcCore\RecordFile.h">
      <Filter>关注文件</Filter>
    </ClInclude>
    <ClInclude Include="..\..\code\AfcCore\Crypto\RSA.h">
      <Filter>源文件</Filter>
    </ClInclude>
    <ClInclude Include="..\..\code\AfcCore\Crypto\RSALib.h">
      <Filter>源文件</Filter>
    </ClInclude>
    <ClInclude Include="..\..\code\AfcCore\Crypto\RSAREF.H">
      <Filter>源文件</Filter>
    </ClInclude>
    <ClInclude Include="..\..\code\AfcCore\Crypto\sha1.h">
      <Filter>源文件</Filter>
    </ClInclude>
    <ClInclude Include="..\..\code\xStorage\RamStorage.h">
      <Filter>关注文件</Filter>
    </ClInclude>
    <ClInclude Include="..\..\code\xStorage\xStorage.h">
      <Filter>关注文件</Filter>
    </ClInclude>
    <ClInclude Include="..\..\code\AfcCore\include\include.h">
      <Filter>关注文件</Filter>
    </ClInclude>
    <ClInclude Include="..\..\code\AfcCore\gps.h">
      <Filter>关注文件</Filter>
    </ClInclude>
    <ClInclude Include="..\..\code\AfcCore\QRCodeMain.h">
      <Filter>关注文件</Filter>
    </ClInclude>
    <ClInclude Include="..\..\code\AfcCore\QRScan.h">
      <Filter>关注文件</Filter>
    </ClInclude>
    <ClInclude Include="..\..\code\AfcCore\include\SlzrTypeDef.h">
      <Filter>关注文件</Filter>
    </ClInclude>
    <ClInclude Include="..\..\code\xStorage\FileManage.h">
      <Filter>源文件</Filter>
    </ClInclude>
    <ClInclude Include="..\..\code\AfcCore\EC20Lx_HTTPS.h">
      <Filter>关注文件</Filter>
    </ClInclude>
    <ClInclude Include="..\..\code\AfcCore\EC20Lx_HTTP.h">
      <Filter>关注文件</Filter>
    </ClInclude>
  </ItemGroup>
  <ItemGroup>
    <ClCompile Include="..\..\code\AfcCore\CPUCard.c">
      <Filter>源文件</Filter>
    </ClCompile>
    <ClCompile Include="..\..\code\AfcCore\CPUCARJTB.c">
      <Filter>源文件</Filter>
    </ClCompile>
    <ClCompile Include="..\..\code\AfcCore\RecordFile.c">
      <Filter>源文件</Filter>
    </ClCompile>
    <ClCompile Include="..\..\code\AfcCore\SL8583_4GLinux.c">
      <Filter>源文件</Filter>
    </ClCompile>
    <ClCompile Include="..\..\code\AfcCore\inputmisc\GPIOCtrl.c">
      <Filter>源文件</Filter>
    </ClCompile>
    <ClCompile Include="..\..\code\AfcCore\inputmisc\IcCardCtrlApi.c">
      <Filter>源文件</Filter>
    </ClCompile>
    <ClCompile Include="..\..\code\AfcCore\inputmisc\Uart.c">
      <Filter>源文件</Filter>
    </ClCompile>
    <ClCompile Include="..\..\code\AfcCore\SlDemo\DemoMain.c">
      <Filter>源文件</Filter>
    </ClCompile>
    <ClCompile Include="..\..\code\AfcCore\SlDemo\GPRS.c">
      <Filter>源文件</Filter>
    </ClCompile>
    <ClCompile Include="..\..\code\AfcCore\SlDemo\LightColor.c">
      <Filter>源文件</Filter>
    </ClCompile>
    <ClCompile Include="..\..\code\AfcCore\SlDemo\xSysApi_LanTai.cpp">
      <Filter>源文件</Filter>
    </ClCompile>
    <ClCompile Include="..\..\code\AfcCore\GPS\gps_setttyS2.c">
      <Filter>源文件</Filter>
    </ClCompile>
    <ClCompile Include="..\..\code\AfcCore\Other\LightBeep.cpp">
      <Filter>源文件</Filter>
    </ClCompile>
    <ClCompile Include="..\..\code\AfcCore\Other\WatchDog.cpp">
      <Filter>源文件</Filter>
    </ClCompile>
    <ClCompile Include="..\..\code\AfcCore\Other\Uart.cpp">
      <Filter>源文件</Filter>
    </ClCompile>
    <ClCompile Include="..\..\code\AfcCore\xSys_Lantaiyuan.c">
      <Filter>源文件</Filter>
    </ClCompile>
    <ClCompile Include="..\..\code\AfcCore\debugInfor.c">
      <Filter>源文件</Filter>
    </ClCompile>
    <ClCompile Include="..\..\code\AfcCore\Crypto\MD5.c">
      <Filter>源文件</Filter>
    </ClCompile>
    <ClCompile Include="..\..\code\AfcCore\Crypto\MYDES.c">
      <Filter>源文件</Filter>
    </ClCompile>
    <ClCompile Include="..\..\code\AfcCore\UnionPay\add.c">
      <Filter>源文件</Filter>
    </ClCompile>
    <ClCompile Include="..\..\code\AfcCore\UnionPay\add_2.c">
      <Filter>源文件</Filter>
    </ClCompile>
    <ClCompile Include="..\..\code\AfcCore\UnionPay\SQD.c">
      <Filter>源文件</Filter>
    </ClCompile>
    <ClCompile Include="..\..\code\AfcCore\UnionPay\tms.c">
      <Filter>源文件</Filter>
    </ClCompile>
    <ClCompile Include="..\..\code\AfcCore\main.c">
      <Filter>关注文件</Filter>
    </ClCompile>
    <ClCompile Include="..\..\code\AfcCore\ICCardLib.c">
      <Filter>关注文件</Filter>
    </ClCompile>
    <ClCompile Include="..\..\code\AfcCore\GprsSocket.c">
      <Filter>关注文件</Filter>
    </ClCompile>
    <ClCompile Include="..\..\code\AfcCore\UnionPay\qPBOCrsa.c">
      <Filter>关注文件</Filter>
    </ClCompile>
    <ClCompile Include="..\..\code\AfcCore\UnionPay\qpboc_8583.c">
      <Filter>关注文件</Filter>
    </ClCompile>
    <ClCompile Include="..\..\code\AfcCore\PSAMLib.c">
      <Filter>关注文件</Filter>
    </ClCompile>
    <ClCompile Include="..\..\code\AfcCore\inputmisc\PsamCard.c">
      <Filter>关注文件</Filter>
    </ClCompile>
    <ClCompile Include="..\..\code\AfcCore\citydifferent.c">
      <Filter>关注文件</Filter>
    </ClCompile>
    <ClCompile Include="..\..\code\AfcCore\UiAccess.c">
      <Filter>关注文件</Filter>
    </ClCompile>
    <ClCompile Include="..\..\code\AfcCore\EC20Lx_HTTPS.c">
      <Filter>关注文件</Filter>
    </ClCompile>
    <ClCompile Include="..\..\code\AfcCore\Crypto\Base64.c">
      <Filter>源文件</Filter>
    </ClCompile>
    <ClCompile Include="..\..\code\AfcCore\Crypto\rsalib.c">
      <Filter>源文件</Filter>
    </ClCompile>
    <ClCompile Include="..\..\code\AfcCore\Crypto\sha1.c">
      <Filter>源文件</Filter>
    </ClCompile>
    <ClCompile Include="..\..\code\AfcCore\Crypto\CRC.C">
      <Filter>源文件</Filter>
    </ClCompile>
    <ClCompile Include="..\..\code\xStorage\RamStorage.c">
      <Filter>关注文件</Filter>
    </ClCompile>
    <ClCompile Include="..\..\code\xStorage\xStorage.c">
      <Filter>关注文件</Filter>
    </ClCompile>
    <ClCompile Include="..\..\code\debug\debugOut.c">
      <Filter>关注文件</Filter>
    </ClCompile>
    <ClCompile Include="..\..\code\AfcCore\gps.c">
      <Filter>关注文件</Filter>
    </ClCompile>
    <ClCompile Include="..\..\code\AfcCore\QRCodeMain.c">
      <Filter>关注文件</Filter>
    </ClCompile>
    <ClCompile Include="..\..\code\xStorage\FileManage.c">
      <Filter>源文件</Filter>
    </ClCompile>
    <ClCompile Include="..\..\code\AfcCore\EC20Lx_HTTP.c">
      <Filter>关注文件</Filter>
    </ClCompile>
  </ItemGroup>
</Project>